// !$*UTF8*$!
{
	archiveVersion = 1;
	classes = {
	};
	objectVersion = 50;
	objects = {

/* Begin PBXBuildFile section */
		3668B2362148CC6700F93439 /* AppDelegate.swift in Sources */ = {isa = PBXBuildFile; fileRef = 3668B2352148CC6700F93439 /* AppDelegate.swift */; };
		3668B2382148CC6700F93439 /* ViewController.swift in Sources */ = {isa = PBXBuildFile; fileRef = 3668B2372148CC6700F93439 /* ViewController.swift */; };
		3668B23B2148CC6700F93439 /* Main.storyboard in Resources */ = {isa = PBXBuildFile; fileRef = 3668B2392148CC6700F93439 /* Main.storyboard */; };
		3668B23E2148CC6700F93439 /* refreshExamp.xcdatamodeld in Sources */ = {isa = PBXBuildFile; fileRef = 3668B23C2148CC6700F93439 /* refreshExamp.xcdatamodeld */; };
		3668B2402148CC6800F93439 /* Assets.xcassets in Resources */ = {isa = PBXBuildFile; fileRef = 3668B23F2148CC6800F93439 /* Assets.xcassets */; };
		3668B2432148CC6800F93439 /* LaunchScreen.storyboard in Resources */ = {isa = PBXBuildFile; fileRef = 3668B2412148CC6800F93439 /* LaunchScreen.storyboard */; };
		3668B24D2148CE1A00F93439 /* taCell.xib in Resources */ = {isa = PBXBuildFile; fileRef = 3668B24C2148CE1A00F93439 /* taCell.xib */; };
		3668B24F2148CE3D00F93439 /* taCell.swift in Sources */ = {isa = PBXBuildFile; fileRef = 3668B24E2148CE3D00F93439 /* taCell.swift */; };
		3668B2532148D75900F93439 /* HankookNfcViewController.swift in Sources */ = {isa = PBXBuildFile; fileRef = 3668B2522148D75900F93439 /* HankookNfcViewController.swift */; };
/* End PBXBuildFile section */

/* Begin PBXFileReference section */
		3668B2322148CC6700F93439 /* refreshExamp.app */ = {isa = PBXFileReference; explicitFileType = wrapper.application; includeInIndex = 0; path = refreshExamp.app; sourceTree = BUILT_PRODUCTS_DIR; };
		3668B2352148CC6700F93439 /* AppDelegate.swift */ = {isa = PBXFileReference; lastKnownFileType = sourcecode.swift; path = AppDelegate.swift; sourceTree = "<group>"; };
		3668B2372148CC6700F93439 /* ViewController.swift */ = {isa = PBXFileReference; lastKnownFileType = sourcecode.swift; path = ViewController.swift; sourceTree = "<group>"; };
		3668B23A2148CC6700F93439 /* Base */ = {isa = PBXFileReference; lastKnownFileType = file.storyboard; name = Base; path = Base.lproj/Main.storyboard; sourceTree = "<group>"; };
		3668B23D2148CC6700F93439 /* refreshExamp.xcdatamodel */ = {isa = PBXFileReference; lastKnownFileType = wrapper.xcdatamodel; path = refreshExamp.xcdatamodel; sourceTree = "<group>"; };
		3668B23F2148CC6800F93439 /* Assets.xcassets */ = {isa = PBXFileReference; lastKnownFileType = folder.assetcatalog; path = Assets.xcassets; sourceTree = "<group>"; };
		3668B2422148CC6800F93439 /* Base */ = {isa = PBXFileReference; lastKnownFileType = file.storyboard; name = Base; path = Base.lproj/LaunchScreen.storyboard; sourceTree = "<group>"; };
		3668B2442148CC6800F93439 /* Info.plist */ = {isa = PBXFileReference; lastKnownFileType = text.plist.xml; path = Info.plist; sourceTree = "<group>"; };
		3668B24C2148CE1A00F93439 /* taCell.xib */ = {isa = PBXFileReference; lastKnownFileType = file.xib; path = taCell.xib; sourceTree = "<group>"; };
		3668B24E2148CE3D00F93439 /* taCell.swift */ = {isa = PBXFileReference; lastKnownFileType = sourcecode.swift; path = taCell.swift; sourceTree = "<group>"; };
		3668B2522148D75900F93439 /* HankookNfcViewController.swift */ = {isa = PBXFileReference; fileEncoding = 4; lastKnownFileType = sourcecode.swift; path = HankookNfcViewController.swift; sourceTree = "<group>"; };
/* End PBXFileReference section */

/* Begin PBXFrameworksBuildPhase section */
		3668B22F2148CC6700F93439 /* Frameworks */ = {
			isa = PBXFrameworksBuildPhase;
			buildActionMask = 2147483647;
			files = (
			);
			runOnlyForDeploymentPostprocessing = 0;
		};
/* End PBXFrameworksBuildPhase section */

/* Begin PBXGroup section */
		3668B2292148CC6700F93439 = {
			isa = PBXGroup;
			children = (
				3668B2342148CC6700F93439 /* refreshExamp */,
				3668B2332148CC6700F93439 /* Products */,
			);
			sourceTree = "<group>";
		};
		3668B2332148CC6700F93439 /* Products */ = {
			isa = PBXGroup;
			children = (
				3668B2322148CC6700F93439 /* refreshExamp.app */,
			);
			name = Products;
			sourceTree = "<group>";
		};
		3668B2342148CC6700F93439 /* refreshExamp */ = {
			isa = PBXGroup;
			children = (
				3668B2352148CC6700F93439 /* AppDelegate.swift */,
				3668B2522148D75900F93439 /* HankookNfcViewController.swift */,
				3668B2512148D60A00F93439 /* Controller */,
				3668B2502148D60000F93439 /* View */,
				3668B2392148CC6700F93439 /* Main.storyboard */,
				3668B23F2148CC6800F93439 /* Assets.xcassets */,
				3668B2412148CC6800F93439 /* LaunchScreen.storyboard */,
				3668B2442148CC6800F93439 /* Info.plist */,
				3668B23C2148CC6700F93439 /* refreshExamp.xcdatamodeld */,
			);
			path = refreshExamp;
			sourceTree = "<group>";
		};
		3668B2502148D60000F93439 /* View */ = {
			isa = PBXGroup;
			children = (
				3668B24C2148CE1A00F93439 /* taCell.xib */,
				3668B24E2148CE3D00F93439 /* taCell.swift */,
			);
			path = View;
			sourceTree = "<group>";
		};
		3668B2512148D60A00F93439 /* Controller */ = {
			isa = PBXGroup;
			children = (
				3668B2372148CC6700F93439 /* ViewController.swift */,
			);
			path = Controller;
			sourceTree = "<group>";
		};
/* End PBXGroup section */

/* Begin PBXNativeTarget section */
		3668B2312148CC6700F93439 /* refreshExamp */ = {
			isa = PBXNativeTarget;
			buildConfigurationList = 3668B2472148CC6800F93439 /* Build configuration list for PBXNativeTarget "refreshExamp" */;
			buildPhases = (
				3668B22E2148CC6700F93439 /* Sources */,
				3668B22F2148CC6700F93439 /* Frameworks */,
				3668B2302148CC6700F93439 /* Resources */,
			);
			buildRules = (
			);
			dependencies = (
			);
			name = refreshExamp;
			productName = refreshExamp;
			productReference = 3668B2322148CC6700F93439 /* refreshExamp.app */;
			productType = "com.apple.product-type.application";
		};
/* End PBXNativeTarget section */

/* Begin PBXProject section */
		3668B22A2148CC6700F93439 /* Project object */ = {
			isa = PBXProject;
			attributes = {
				LastSwiftUpdateCheck = 0940;
				LastUpgradeCheck = 0940;
				ORGANIZATIONNAME = "김성남";
				TargetAttributes = {
					3668B2312148CC6700F93439 = {
						CreatedOnToolsVersion = 9.4.1;
					};
				};
			};
			buildConfigurationList = 3668B22D2148CC6700F93439 /* Build configuration list for PBXProject "refreshExamp" */;
			compatibilityVersion = "Xcode 9.3";
			developmentRegion = en;
			hasScannedForEncodings = 0;
			knownRegions = (
				en,
				Base,
			);
			mainGroup = 3668B2292148CC6700F93439;
			productRefGroup = 3668B2332148CC6700F93439 /* Products */;
			projectDirPath = "";
			projectRoot = "";
			targets = (
				3668B2312148CC6700F93439 /* refreshExamp */,
			);
		};
/* End PBXProject section */

/* Begin PBXResourcesBuildPhase section */
		3668B2302148CC6700F93439 /* Resources */ = {
			isa = PBXResourcesBuildPhase;
			buildActionMask = 2147483647;
			files = (
				3668B24D2148CE1A00F93439 /* taCell.xib in Resources */,
				3668B2432148CC6800F93439 /* LaunchScreen.storyboard in Resources */,
				3668B2402148CC6800F93439 /* Assets.xcassets in Resources */,
				3668B23B2148CC6700F93439 /* Main.storyboard in Resources */,
			);
			runOnlyForDeploymentPostprocessing = 0;
		};
/* End PBXResourcesBuildPhase section */

/* Begin PBXSourcesBuildPhase section */
		3668B22E2148CC6700F93439 /* Sources */ = {
			isa = PBXSourcesBuildPhase;
			buildActionMask = 2147483647;
			files = (
				3668B2382148CC6700F93439 /* ViewController.swift in Sources */,
				3668B2532148D75900F93439 /* HankookNfcViewController.swift in Sources */,
				3668B23E2148CC6700F93439 /* refreshExamp.xcdatamodeld in Sources */,
				3668B2362148CC6700F93439 /* AppDelegate.swift in Sources */,
				3668B24F2148CE3D00F93439 /* taCell.swift in Sources */,
			);
			runOnlyForDeploymentPostprocessing = 0;
		};
/* End PBXSourcesBuildPhase section */

/* Begin PBXVariantGroup section */
		3668B2392148CC6700F93439 /* Main.storyboard */ = {
			isa = PBXVariantGroup;
			children = (
				3668B23A2148CC6700F93439 /* Base */,
			);
			name = Main.storyboard;
			sourceTree = "<group>";
		};
		3668B2412148CC6800F93439 /* LaunchScreen.storyboard */ = {
			isa = PBXVariantGroup;
			children = (
				3668B2422148CC6800F93439 /* Base */,
			);
			name = LaunchScreen.storyboard;
			sourceTree = "<group>";
		};
/* End PBXVariantGroup section */

/* Begin XCBuildConfiguration section */
		3668B2452148CC6800F93439 /* Debug */ = {
			isa = XCBuildConfiguration;
			buildSettings = {
				ALWAYS_SEARCH_USER_PATHS = NO;
				CLANG_ANALYZER_NONNULL = YES;
				CLANG_ANALYZER_NUMBER_OBJECT_CONVERSION = YES_AGGRESSIVE;
				CLANG_CXX_LANGUAGE_STANDARD = "gnu++14";
				CLANG_CXX_LIBRARY = "libc++";
				CLANG_ENABLE_MODULES = YES;
				CLANG_ENABLE_OBJC_ARC = YES;
				CLANG_ENABLE_OBJC_WEAK = YES;
				CLANG_WARN_BLOCK_CAPTURE_AUTORELEASING = YES;
				CLANG_WARN_BOOL_CONVERSION = YES;
				CLANG_WARN_COMMA = YES;
				CLANG_WARN_CONSTANT_CONVERSION = YES;
				CLANG_WARN_DEPRECATED_OBJC_IMPLEMENTATIONS = YES;
				CLANG_WARN_DIRECT_OBJC_ISA_USAGE = YES_ERROR;
				CLANG_WARN_DOCUMENTATION_COMMENTS = YES;
				CLANG_WARN_EMPTY_BODY = YES;
				CLANG_WARN_ENUM_CONVERSION = YES;
				CLANG_WARN_INFINITE_RECURSION = YES;
				CLANG_WARN_INT_CONVERSION = YES;
				CLANG_WARN_NON_LITERAL_NULL_CONVERSION = YES;
				CLANG_WARN_OBJC_IMPLICIT_RETAIN_SELF = YES;
				CLANG_WARN_OBJC_LITERAL_CONVERSION = YES;
				CLANG_WARN_OBJC_ROOT_CLASS = YES_ERROR;
				CLANG_WARN_RANGE_LOOP_ANALYSIS = YES;
				CLANG_WARN_STRICT_PROTOTYPES = YES;
				CLANG_WARN_SUSPICIOUS_MOVE = YES;
				CLANG_WARN_UNGUARDED_AVAILABILITY = YES_AGGRESSIVE;
				CLANG_WARN_UNREACHABLE_CODE = YES;
				CLANG_WARN__DUPLICATE_METHOD_MATCH = YES;
				CODE_SIGN_IDENTITY = "iPhone Developer";
				COPY_PHASE_STRIP = NO;
				DEBUG_INFORMATION_FORMAT = dwarf;
				ENABLE_STRICT_OBJC_MSGSEND = YES;
				ENABLE_TESTABILITY = YES;
				GCC_C_LANGUAGE_STANDARD = gnu11;
				GCC_DYNAMIC_NO_PIC = NO;
				GCC_NO_COMMON_BLOCKS = YES;
				GCC_OPTIMIZATION_LEVEL = 0;
				GCC_PREPROCESSOR_DEFINITIONS = (
					"DEBUG=1",
					"$(inherited)",
				);
				GCC_WARN_64_TO_32_BIT_CONVERSION = YES;
				GCC_WARN_ABOUT_RETURN_TYPE = YES_ERROR;
				GCC_WARN_UNDECLARED_SELECTOR = YES;
				GCC_WARN_UNINITIALIZED_AUTOS = YES_AGGRESSIVE;
				GCC_WARN_UNUSED_FUNCTION = YES;
				GCC_WARN_UNUSED_VARIABLE = YES;
				IPHONEOS_DEPLOYMENT_TARGET = 11.4;
				MTL_ENABLE_DEBUG_INFO = YES;
				ONLY_ACTIVE_ARCH = YES;
				SDKROOT = iphoneos;
				SWIFT_ACTIVE_COMPILATION_CONDITIONS = DEBUG;
				SWIFT_OPTIMIZATION_LEVEL = "-Onone";
			};
			name = Debug;
		};
		3668B2462148CC6800F93439 /* Release */ = {
			isa = XCBuildConfiguration;
			buildSettings = {
				ALWAYS_SEARCH_USER_PATHS = NO;
				CLANG_ANALYZER_NONNULL = YES;
				CLANG_ANALYZER_NUMBER_OBJECT_CONVERSION = YES_AGGRESSIVE;
				CLANG_CXX_LANGUAGE_STANDARD = "gnu++14";
				CLANG_CXX_LIBRARY = "libc++";
				CLANG_ENABLE_MODULES = YES;
				CLANG_ENABLE_OBJC_ARC = YES;
				CLANG_ENABLE_OBJC_WEAK = YES;
				CLANG_WARN_BLOCK_CAPTURE_AUTORELEASING = YES;
				CLANG_WARN_BOOL_CONVERSION = YES;
				CLANG_WARN_COMMA = YES;
				CLANG_WARN_CONSTANT_CONVERSION = YES;
				CLANG_WARN_DEPRECATED_OBJC_IMPLEMENTATIONS = YES;
				CLANG_WARN_DIRECT_OBJC_ISA_USAGE = YES_ERROR;
				CLANG_WARN_DOCUMENTATION_COMMENTS = YES;
				CLANG_WARN_EMPTY_BODY = YES;
				CLANG_WARN_ENUM_CONVERSION = YES;
				CLANG_WARN_INFINITE_RECURSION = YES;
				CLANG_WARN_INT_CONVERSION = YES;
				CLANG_WARN_NON_LITERAL_NULL_CONVERSION = YES;
				CLANG_WARN_OBJC_IMPLICIT_RETAIN_SELF = YES;
				CLANG_WARN_OBJC_LITERAL_CONVERSION = YES;
				CLANG_WARN_OBJC_ROOT_CLASS = YES_ERROR;
				CLANG_WARN_RANGE_LOOP_ANALYSIS = YES;
				CLANG_WARN_STRICT_PROTOTYPES = YES;
				CLANG_WARN_SUSPICIOUS_MOVE = YES;
				CLANG_WARN_UNGUARDED_AVAILABILITY = YES_AGGRESSIVE;
				CLANG_WARN_UNREACHABLE_CODE = YES;
				CLANG_WARN__DUPLICATE_METHOD_MATCH = YES;
				CODE_SIGN_IDENTITY = "iPhone Developer";
				COPY_PHASE_STRIP = NO;
				DEBUG_INFORMATION_FORMAT = "dwarf-with-dsym";
				ENABLE_NS_ASSERTIONS = NO;
				ENABLE_STRICT_OBJC_MSGSEND = YES;
				GCC_C_LANGUAGE_STANDARD = gnu11;
				GCC_NO_COMMON_BLOCKS = YES;
				GCC_WARN_64_TO_32_BIT_CONVERSION = YES;
				GCC_WARN_ABOUT_RETURN_TYPE = YES_ERROR;
				GCC_WARN_UNDECLARED_SELECTOR = YES;
				GCC_WARN_UNINITIALIZED_AUTOS = YES_AGGRESSIVE;
				GCC_WARN_UNUSED_FUNCTION = YES;
				GCC_WARN_UNUSED_VARIABLE = YES;
				IPHONEOS_DEPLOYMENT_TARGET = 11.4;
				MTL_ENABLE_DEBUG_INFO = NO;
				SDKROOT = iphoneos;
				SWIFT_COMPILATION_MODE = wholemodule;
				SWIFT_OPTIMIZATION_LEVEL = "-O";
				VALIDATE_PRODUCT = YES;
			};
			name = Release;
		};
		3668B2482148CC6800F93439 /* Debug */ = {
			isa = XCBuildConfiguration;
			buildSettings = {
				ASSETCATALOG_COMPILER_APPICON_NAME = AppIcon;
				CODE_SIGN_STYLE = Automatic;
				DEVELOPMENT_TEAM = F6J6GAMXJ7;
				INFOPLIST_FILE = refreshExamp/Info.plist;
				LD_RUNPATH_SEARCH_PATHS = (
					"$(inherited)",
					"@executable_path/Frameworks",
				);
				PRODUCT_BUNDLE_IDENTIFIER = hankook.com.refreshExamp;
				PRODUCT_NAME = "$(TARGET_NAME)";
				SWIFT_VERSION = 4.0;
				TARGETED_DEVICE_FAMILY = "1,2";
			};
			name = Debug;
		};
		3668B2492148CC6800F93439 /* Release */ = {
			isa = XCBuildConfiguration;
			buildSettings = {
				ASSETCATALOG_COMPILER_APPICON_NAME = AppIcon;
				CODE_SIGN_STYLE = Automatic;
				DEVELOPMENT_TEAM = F6J6GAMXJ7;
				INFOPLIST_FILE = refreshExamp/Info.plist;
				LD_RUNPATH_SEARCH_PATHS = (
					"$(inherited)",
					"@executable_path/Frameworks",
				);
				PRODUCT_BUNDLE_IDENTIFIER = hankook.com.refreshExamp;
				PRODUCT_NAME = "$(TARGET_NAME)";
				SWIFT_VERSION = 4.0;
				TARGETED_DEVICE_FAMILY = "1,2";
			};
			name = Release;
		};
/* End XCBuildConfiguration section */

/* Begin XCConfigurationList section */
		3668B22D2148CC6700F93439 /* Build configuration list for PBXProject "refreshExamp" */ = {
			isa = XCConfigurationList;
			buildConfigurations = (
				3668B2452148CC6800F93439 /* Debug */,
				3668B2462148CC6800F93439 /* Release */,
			);
			defaultConfigurationIsVisible = 0;
			defaultConfigurationName = Release;
		};
		3668B2472148CC6800F93439 /* Build configuration list for PBXNativeTarget "refreshExamp" */ = {
			isa = XCConfigurationList;
			buildConfigurations = (
				3668B2482148CC6800F93439 /* Debug */,
				3668B2492148CC6800F93439 /* Release */,
			);
			defaultConfigurationIsVisible = 0;
			defaultConfigurationName = Release;
		};
/* End XCConfigurationList section */

/* Begin XCVersionGroup section */
		3668B23C2148CC6700F93439 /* refreshExamp.xcdatamodeld */ = {
			isa = XCVersionGroup;
			children = (
				3668B23D2148CC6700F93439 /* refreshExamp.xcdatamodel */,
			);
			currentVersion = 3668B23D2148CC6700F93439 /* refreshExamp.xcdatamodel */;
			path = refreshExamp.xcdatamodeld;
			sourceTree = "<group>";
			versionGroupType = wrapper.xcdatamodel;
		};
/* End XCVersionGroup section */
	};
	rootObject = 3668B22A2148CC6700F93439 /* Project object */;
}
